
Microsoft Visual Studio Solution File, Format Version 12.00
# Visual Studio Version 16
VisualStudioVersion = 16.0.32901.82
MinimumVisualStudioVersion = 10.0.40219.1
Project("{FAE04EC0-301F-11D3-BF4B-00C04F79EFBC}") = "Visualyts", "Visualyts\Visualyts.csproj", "{2891F264-34FD-4DD9-B360-B7A5D3F62519}"
EndProject
Global
	GlobalSection(SolutionConfigurationPlatforms) = preSolution
		Debug|Any CPU = Debug|Any CPU
		Release|Any CPU = Release|Any CPU
	EndGlobalSection
	GlobalSection(ProjectConfigurationPlatforms) = postSolution
		{2891F264-34FD-4DD9-B360-B7A5D3F62519}.Debug|Any CPU.ActiveCfg = Debug|Any CPU
		{2891F264-34FD-4DD9-B360-B7A5D3F62519}.Debug|Any CPU.Build.0 = Debug|Any CPU
		{2891F264-34FD-4DD9-B360-B7A5D3F62519}.Release|Any CPU.ActiveCfg = Release|Any CPU
		{2891F264-34FD-4DD9-B360-B7A5D3F62519}.Release|Any CPU.Build.0 = Release|Any CPU
	EndGlobalSection
	GlobalSection(SolutionProperties) = preSolution
		HideSolutionNode = FALSE
	EndGlobalSection
	GlobalSection(ExtensibilityGlobals) = postSolution
		SolutionGuid = {44E6DE6E-DEA5-49FF-91A3-3454AFBC1425}
	EndGlobalSection
EndGlobal
